
Microsoft Visual Studio Solution File, Format Version 12.00
# Visual Studio Version 17
VisualStudioVersion = 17.14.36429.23
MinimumVisualStudioVersion = 10.0.40219.1
Project("{FAE04EC0-301F-11D3-BF4B-00C04F79EFBC}") = "01-ConvertMetersToKilometers", "01-ConvertMetersToKilometers\01-ConvertMetersToKilometers.csproj", "{A6E933E5-E772-474A-B6D0-074F92AF368B}"
EndProject
Project("{FAE04EC0-301F-11D3-BF4B-00C04F79EFBC}") = "02-PoundsToDollars", "02-PoundsToDollars\02-PoundsToDollars.csproj", "{8E014457-4B13-4B8B-A56D-05C1F37DCEB6}"
EndProject
Project("{FAE04EC0-301F-11D3-BF4B-00C04F79EFBC}") = "03-ExactSumOfRealNumbers", "03-ExactSumOfRealNumbers\03-ExactSumOfRealNumbers.csproj", "{71847642-3844-44F0-87B5-943BEC2F2095}"
EndProject
Project("{FAE04EC0-301F-11D3-BF4B-00C04F79EFBC}") = "04-CenturiesToMinutes", "04-CenturiesToMinutes\04-CenturiesToMinutes.csproj", "{FDD5B707-6FC1-4158-ABB9-AE65F2EFCABB}"
EndProject
Project("{FAE04EC0-301F-11D3-BF4B-00C04F79EFBC}") = "05-SpecialNumbers", "05-SpecialNumbers\05-SpecialNumbers.csproj", "{16952363-0F4F-44BF-A8D2-084CBB78F1F8}"
EndProject
Project("{FAE04EC0-301F-11D3-BF4B-00C04F79EFBC}") = "06-ReversedChars", "06-ReversedChars\06-ReversedChars.csproj", "{5416C46D-60FF-41FF-8545-DD5B2DB4FEAB}"
EndProject
Project("{FAE04EC0-301F-11D3-BF4B-00C04F79EFBC}") = "07-ConcatNames", "07-ConcatNames\07-ConcatNames.csproj", "{C4C8ED5B-6F0D-4041-A7B3-579B18BF0E27}"
EndProject
Project("{FAE04EC0-301F-11D3-BF4B-00C04F79EFBC}") = "08-TownInfo", "08-TownInfo\08-TownInfo.csproj", "{3D9ADD40-FBB1-4ECA-B642-A80D06CD5688}"
EndProject
Project("{FAE04EC0-301F-11D3-BF4B-00C04F79EFBC}") = "09-CharsToString", "09-CharsToString\09-CharsToString.csproj", "{1AEC786C-4C04-4DBE-8A44-F0D2FB91716B}"
EndProject
Project("{FAE04EC0-301F-11D3-BF4B-00C04F79EFBC}") = "10-LowerOrUpper", "10-LowerOrUpper\10-LowerOrUpper.csproj", "{C012B963-F3C7-4FA5-9936-019BCA5E852A}"
EndProject
Project("{FAE04EC0-301F-11D3-BF4B-00C04F79EFBC}") = "11-RefactorVolumeOfPyramid", "11-RefactorVolumeOfPyramid\11-RefactorVolumeOfPyramid.csproj", "{ED781604-AF9D-42B7-9843-8F36043265A2}"
EndProject
Project("{FAE04EC0-301F-11D3-BF4B-00C04F79EFBC}") = "12-RefactorSpecialNumbers", "12-RefactorSpecialNumbers\12-RefactorSpecialNumbers.csproj", "{A5AAA976-8541-40E8-AC3A-324CA541ED11}"
EndProject
Global
	GlobalSection(SolutionConfigurationPlatforms) = preSolution
		Debug|Any CPU = Debug|Any CPU
		Release|Any CPU = Release|Any CPU
	EndGlobalSection
	GlobalSection(ProjectConfigurationPlatforms) = postSolution
		{A6E933E5-E772-474A-B6D0-074F92AF368B}.Debug|Any CPU.ActiveCfg = Debug|Any CPU
		{A6E933E5-E772-474A-B6D0-074F92AF368B}.Debug|Any CPU.Build.0 = Debug|Any CPU
		{A6E933E5-E772-474A-B6D0-074F92AF368B}.Release|Any CPU.ActiveCfg = Release|Any CPU
		{A6E933E5-E772-474A-B6D0-074F92AF368B}.Release|Any CPU.Build.0 = Release|Any CPU
		{8E014457-4B13-4B8B-A56D-05C1F37DCEB6}.Debug|Any CPU.ActiveCfg = Debug|Any CPU
		{8E014457-4B13-4B8B-A56D-05C1F37DCEB6}.Debug|Any CPU.Build.0 = Debug|Any CPU
		{8E014457-4B13-4B8B-A56D-05C1F37DCEB6}.Release|Any CPU.ActiveCfg = Release|Any CPU
		{8E014457-4B13-4B8B-A56D-05C1F37DCEB6}.Release|Any CPU.Build.0 = Release|Any CPU
		{71847642-3844-44F0-87B5-943BEC2F2095}.Debug|Any CPU.ActiveCfg = Debug|Any CPU
		{71847642-3844-44F0-87B5-943BEC2F2095}.Debug|Any CPU.Build.0 = Debug|Any CPU
		{71847642-3844-44F0-87B5-943BEC2F2095}.Release|Any CPU.ActiveCfg = Release|Any CPU
		{71847642-3844-44F0-87B5-943BEC2F2095}.Release|Any CPU.Build.0 = Release|Any CPU
		{FDD5B707-6FC1-4158-ABB9-AE65F2EFCABB}.Debug|Any CPU.ActiveCfg = Debug|Any CPU
		{FDD5B707-6FC1-4158-ABB9-AE65F2EFCABB}.Debug|Any CPU.Build.0 = Debug|Any CPU
		{FDD5B707-6FC1-4158-ABB9-AE65F2EFCABB}.Release|Any CPU.ActiveCfg = Release|Any CPU
		{FDD5B707-6FC1-4158-ABB9-AE65F2EFCABB}.Release|Any CPU.Build.0 = Release|Any CPU
		{16952363-0F4F-44BF-A8D2-084CBB78F1F8}.Debug|Any CPU.ActiveCfg = Debug|Any CPU
		{16952363-0F4F-44BF-A8D2-084CBB78F1F8}.Debug|Any CPU.Build.0 = Debug|Any CPU
		{16952363-0F4F-44BF-A8D2-084CBB78F1F8}.Release|Any CPU.ActiveCfg = Release|Any CPU
		{16952363-0F4F-44BF-A8D2-084CBB78F1F8}.Release|Any CPU.Build.0 = Release|Any CPU
		{5416C46D-60FF-41FF-8545-DD5B2DB4FEAB}.Debug|Any CPU.ActiveCfg = Debug|Any CPU
		{5416C46D-60FF-41FF-8545-DD5B2DB4FEAB}.Debug|Any CPU.Build.0 = Debug|Any CPU
		{5416C46D-60FF-41FF-8545-DD5B2DB4FEAB}.Release|Any CPU.ActiveCfg = Release|Any CPU
		{5416C46D-60FF-41FF-8545-DD5B2DB4FEAB}.Release|Any CPU.Build.0 = Release|Any CPU
		{C4C8ED5B-6F0D-4041-A7B3-579B18BF0E27}.Debug|Any CPU.ActiveCfg = Debug|Any CPU
		{C4C8ED5B-6F0D-4041-A7B3-579B18BF0E27}.Debug|Any CPU.Build.0 = Debug|Any CPU
		{C4C8ED5B-6F0D-4041-A7B3-579B18BF0E27}.Release|Any CPU.ActiveCfg = Release|Any CPU
		{C4C8ED5B-6F0D-4041-A7B3-579B18BF0E27}.Release|Any CPU.Build.0 = Release|Any CPU
		{3D9ADD40-FBB1-4ECA-B642-A80D06CD5688}.Debug|Any CPU.ActiveCfg = Debug|Any CPU
		{3D9ADD40-FBB1-4ECA-B642-A80D06CD5688}.Debug|Any CPU.Build.0 = Debug|Any CPU
		{3D9ADD40-FBB1-4ECA-B642-A80D06CD5688}.Release|Any CPU.ActiveCfg = Release|Any CPU
		{3D9ADD40-FBB1-4ECA-B642-A80D06CD5688}.Release|Any CPU.Build.0 = Release|Any CPU
		{1AEC786C-4C04-4DBE-8A44-F0D2FB91716B}.Debug|Any CPU.ActiveCfg = Debug|Any CPU
		{1AEC786C-4C04-4DBE-8A44-F0D2FB91716B}.Debug|Any CPU.Build.0 = Debug|Any CPU
		{1AEC786C-4C04-4DBE-8A44-F0D2FB91716B}.Release|Any CPU.ActiveCfg = Release|Any CPU
		{1AEC786C-4C04-4DBE-8A44-F0D2FB91716B}.Release|Any CPU.Build.0 = Release|Any CPU
		{C012B963-F3C7-4FA5-9936-019BCA5E852A}.Debug|Any CPU.ActiveCfg = Debug|Any CPU
		{C012B963-F3C7-4FA5-9936-019BCA5E852A}.Debug|Any CPU.Build.0 = Debug|Any CPU
		{C012B963-F3C7-4FA5-9936-019BCA5E852A}.Release|Any CPU.ActiveCfg = Release|Any CPU
		{C012B963-F3C7-4FA5-9936-019BCA5E852A}.Release|Any CPU.Build.0 = Release|Any CPU
		{ED781604-AF9D-42B7-9843-8F36043265A2}.Debug|Any CPU.ActiveCfg = Debug|Any CPU
		{ED781604-AF9D-42B7-9843-8F36043265A2}.Debug|Any CPU.Build.0 = Debug|Any CPU
		{ED781604-AF9D-42B7-9843-8F36043265A2}.Release|Any CPU.ActiveCfg = Release|Any CPU
		{ED781604-AF9D-42B7-9843-8F36043265A2}.Release|Any CPU.Build.0 = Release|Any CPU
		{A5AAA976-8541-40E8-AC3A-324CA541ED11}.Debug|Any CPU.ActiveCfg = Debug|Any CPU
		{A5AAA976-8541-40E8-AC3A-324CA541ED11}.Debug|Any CPU.Build.0 = Debug|Any CPU
		{A5AAA976-8541-40E8-AC3A-324CA541ED11}.Release|Any CPU.ActiveCfg = Release|Any CPU
		{A5AAA976-8541-40E8-AC3A-324CA541ED11}.Release|Any CPU.Build.0 = Release|Any CPU
	EndGlobalSection
	GlobalSection(SolutionProperties) = preSolution
		HideSolutionNode = FALSE
	EndGlobalSection
	GlobalSection(ExtensibilityGlobals) = postSolution
		SolutionGuid = {33F51E27-FCD4-449E-83F0-229E2DE69E3F}
	EndGlobalSection
EndGlobal
